// !$*UTF8*$!
{
	archiveVersion = 1;
	classes = {
	};
	objectVersion = 56;
	objects = {

/* Begin PBXBuildFile section */
		0119B4892B32B6E7004E5E2D /* StaticValues.swift in Sources */ = {isa = PBXBuildFile; fileRef = 0119B4882B32B6E7004E5E2D /* StaticValues.swift */; };
		0119B48C2B34AF32004E5E2D /* RootView.swift in Sources */ = {isa = PBXBuildFile; fileRef = 0119B48B2B34AF32004E5E2D /* RootView.swift */; };
		0119B48F2B34AFDC004E5E2D /* PassthrougWindow.swift in Sources */ = {isa = PBXBuildFile; fileRef = 0119B48E2B34AFDC004E5E2D /* PassthrougWindow.swift */; };
		0119B4952B34B0A9004E5E2D /* ToastsHolder.swift in Sources */ = {isa = PBXBuildFile; fileRef = 0119B4942B34B0A9004E5E2D /* ToastsHolder.swift */; };
		0119B4972B34B122004E5E2D /* ToastItem.swift in Sources */ = {isa = PBXBuildFile; fileRef = 0119B4962B34B122004E5E2D /* ToastItem.swift */; };
		0119B4992B34B153004E5E2D /* ToastTime.swift in Sources */ = {isa = PBXBuildFile; fileRef = 0119B4982B34B153004E5E2D /* ToastTime.swift */; };
		0119B49B2B34B1C2004E5E2D /* Interactor.swift in Sources */ = {isa = PBXBuildFile; fileRef = 0119B49A2B34B1C2004E5E2D /* Interactor.swift */; };
		0138129C2B32B48000EAD724 /* ToastPreviewApp.swift in Sources */ = {isa = PBXBuildFile; fileRef = 0138129B2B32B48000EAD724 /* ToastPreviewApp.swift */; };
		0138129E2B32B48000EAD724 /* ContentView.swift in Sources */ = {isa = PBXBuildFile; fileRef = 0138129D2B32B48000EAD724 /* ContentView.swift */; };
		013812A02B32B48200EAD724 /* Assets.xcassets in Resources */ = {isa = PBXBuildFile; fileRef = 0138129F2B32B48200EAD724 /* Assets.xcassets */; };
		013812A42B32B48200EAD724 /* Preview Assets.xcassets in Resources */ = {isa = PBXBuildFile; fileRef = 013812A32B32B48200EAD724 /* Preview Assets.xcassets */; };
		013812AE2B32B48200EAD724 /* ToastPreviewTests.swift in Sources */ = {isa = PBXBuildFile; fileRef = 013812AD2B32B48200EAD724 /* ToastPreviewTests.swift */; };
		013812B82B32B48200EAD724 /* ToastPreviewUITests.swift in Sources */ = {isa = PBXBuildFile; fileRef = 013812B72B32B48200EAD724 /* ToastPreviewUITests.swift */; };
		013812BA2B32B48200EAD724 /* ToastPreviewUITestsLaunchTests.swift in Sources */ = {isa = PBXBuildFile; fileRef = 013812B92B32B48200EAD724 /* ToastPreviewUITestsLaunchTests.swift */; };
		013812C82B32B4A600EAD724 /* Toast.swift in Sources */ = {isa = PBXBuildFile; fileRef = 013812C72B32B4A600EAD724 /* Toast.swift */; };
		013812CB2B32B58300EAD724 /* UIKit.framework in Frameworks */ = {isa = PBXBuildFile; fileRef = 013812CA2B32B58300EAD724 /* UIKit.framework */; platformFilter = ios; };
/* End PBXBuildFile section */

/* Begin PBXContainerItemProxy section */
		013812AA2B32B48200EAD724 /* PBXContainerItemProxy */ = {
			isa = PBXContainerItemProxy;
			containerPortal = 013812902B32B48000EAD724 /* Project object */;
			proxyType = 1;
			remoteGlobalIDString = 013812972B32B48000EAD724;
			remoteInfo = ToastPreview;
		};
		013812B42B32B48200EAD724 /* PBXContainerItemProxy */ = {
			isa = PBXContainerItemProxy;
			containerPortal = 013812902B32B48000EAD724 /* Project object */;
			proxyType = 1;
			remoteGlobalIDString = 013812972B32B48000EAD724;
			remoteInfo = ToastPreview;
		};
/* End PBXContainerItemProxy section */

/* Begin PBXFileReference section */
		0119B4882B32B6E7004E5E2D /* StaticValues.swift */ = {isa = PBXFileReference; lastKnownFileType = sourcecode.swift; path = StaticValues.swift; sourceTree = "<group>"; };
		0119B48B2B34AF32004E5E2D /* RootView.swift */ = {isa = PBXFileReference; lastKnownFileType = sourcecode.swift; path = RootView.swift; sourceTree = "<group>"; };
		0119B48E2B34AFDC004E5E2D /* PassthrougWindow.swift */ = {isa = PBXFileReference; lastKnownFileType = sourcecode.swift; path = PassthrougWindow.swift; sourceTree = "<group>"; };
		0119B4942B34B0A9004E5E2D /* ToastsHolder.swift */ = {isa = PBXFileReference; lastKnownFileType = sourcecode.swift; path = ToastsHolder.swift; sourceTree = "<group>"; };
		0119B4962B34B122004E5E2D /* ToastItem.swift */ = {isa = PBXFileReference; lastKnownFileType = sourcecode.swift; path = ToastItem.swift; sourceTree = "<group>"; };
		0119B4982B34B153004E5E2D /* ToastTime.swift */ = {isa = PBXFileReference; lastKnownFileType = sourcecode.swift; path = ToastTime.swift; sourceTree = "<group>"; };
		0119B49A2B34B1C2004E5E2D /* Interactor.swift */ = {isa = PBXFileReference; lastKnownFileType = sourcecode.swift; path = Interactor.swift; sourceTree = "<group>"; };
		013812982B32B48000EAD724 /* ToastPreview.app */ = {isa = PBXFileReference; explicitFileType = wrapper.application; includeInIndex = 0; path = ToastPreview.app; sourceTree = BUILT_PRODUCTS_DIR; };
		0138129B2B32B48000EAD724 /* ToastPreviewApp.swift */ = {isa = PBXFileReference; lastKnownFileType = sourcecode.swift; path = ToastPreviewApp.swift; sourceTree = "<group>"; };
		0138129D2B32B48000EAD724 /* ContentView.swift */ = {isa = PBXFileReference; lastKnownFileType = sourcecode.swift; path = ContentView.swift; sourceTree = "<group>"; };
		0138129F2B32B48200EAD724 /* Assets.xcassets */ = {isa = PBXFileReference; lastKnownFileType = folder.assetcatalog; path = Assets.xcassets; sourceTree = "<group>"; };
		013812A12B32B48200EAD724 /* ToastPreview.entitlements */ = {isa = PBXFileReference; lastKnownFileType = text.plist.entitlements; path = ToastPreview.entitlements; sourceTree = "<group>"; };
		013812A32B32B48200EAD724 /* Preview Assets.xcassets */ = {isa = PBXFileReference; lastKnownFileType = folder.assetcatalog; path = "Preview Assets.xcassets"; sourceTree = "<group>"; };
		013812A92B32B48200EAD724 /* ToastPreviewTests.xctest */ = {isa = PBXFileReference; explicitFileType = wrapper.cfbundle; includeInIndex = 0; path = ToastPreviewTests.xctest; sourceTree = BUILT_PRODUCTS_DIR; };
		013812AD2B32B48200EAD724 /* ToastPreviewTests.swift */ = {isa = PBXFileReference; lastKnownFileType = sourcecode.swift; path = ToastPreviewTests.swift; sourceTree = "<group>"; };
		013812B32B32B48200EAD724 /* ToastPreviewUITests.xctest */ = {isa = PBXFileReference; explicitFileType = wrapper.cfbundle; includeInIndex = 0; path = ToastPreviewUITests.xctest; sourceTree = BUILT_PRODUCTS_DIR; };
		013812B72B32B48200EAD724 /* ToastPreviewUITests.swift */ = {isa = PBXFileReference; lastKnownFileType = sourcecode.swift; path = ToastPreviewUITests.swift; sourceTree = "<group>"; };
		013812B92B32B48200EAD724 /* ToastPreviewUITestsLaunchTests.swift */ = {isa = PBXFileReference; lastKnownFileType = sourcecode.swift; path = ToastPreviewUITestsLaunchTests.swift; sourceTree = "<group>"; };
		013812C72B32B4A600EAD724 /* Toast.swift */ = {isa = PBXFileReference; lastKnownFileType = sourcecode.swift; path = Toast.swift; sourceTree = "<group>"; };
		013812CA2B32B58300EAD724 /* UIKit.framework */ = {isa = PBXFileReference; lastKnownFileType = wrapper.framework; name = UIKit.framework; path = Platforms/iPhoneOS.platform/Developer/SDKs/iPhoneOS17.0.sdk/System/Library/Frameworks/UIKit.framework; sourceTree = DEVELOPER_DIR; };
/* End PBXFileReference section */

/* Begin PBXFrameworksBuildPhase section */
		013812952B32B48000EAD724 /* Frameworks */ = {
			isa = PBXFrameworksBuildPhase;
			buildActionMask = 2147483647;
			files = (
				013812CB2B32B58300EAD724 /* UIKit.framework in Frameworks */,
			);
			runOnlyForDeploymentPostprocessing = 0;
		};
		013812A62B32B48200EAD724 /* Frameworks */ = {
			isa = PBXFrameworksBuildPhase;
			buildActionMask = 2147483647;
			files = (
			);
			runOnlyForDeploymentPostprocessing = 0;
		};
		013812B02B32B48200EAD724 /* Frameworks */ = {
			isa = PBXFrameworksBuildPhase;
			buildActionMask = 2147483647;
			files = (
			);
			runOnlyForDeploymentPostprocessing = 0;
		};
/* End PBXFrameworksBuildPhase section */

/* Begin PBXGroup section */
		0119B4872B32B6CA004E5E2D /* Constants */ = {
			isa = PBXGroup;
			children = (
				0119B4882B32B6E7004E5E2D /* StaticValues.swift */,
			);
			path = Constants;
			sourceTree = "<group>";
		};
		0119B48A2B34AF21004E5E2D /* Root */ = {
			isa = PBXGroup;
			children = (
				0119B48B2B34AF32004E5E2D /* RootView.swift */,
			);
			path = Root;
			sourceTree = "<group>";
		};
		0119B48D2B34AF7E004E5E2D /* Helper */ = {
			isa = PBXGroup;
			children = (
				0138129B2B32B48000EAD724 /* ToastPreviewApp.swift */,
				0119B48E2B34AFDC004E5E2D /* PassthrougWindow.swift */,
			);
			path = Helper;
			sourceTree = "<group>";
		};
		0119B4902B34B004004E5E2D /* Models */ = {
			isa = PBXGroup;
			children = (
				0119B4962B34B122004E5E2D /* ToastItem.swift */,
			);
			path = Models;
			sourceTree = "<group>";
		};
		0119B4912B34B00D004E5E2D /* Enums */ = {
			isa = PBXGroup;
			children = (
				0119B4982B34B153004E5E2D /* ToastTime.swift */,
			);
			path = Enums;
			sourceTree = "<group>";
		};
		0119B4922B34B029004E5E2D /* InApp */ = {
			isa = PBXGroup;
			children = (
				0119B4942B34B0A9004E5E2D /* ToastsHolder.swift */,
				013812C72B32B4A600EAD724 /* Toast.swift */,
				0138129D2B32B48000EAD724 /* ContentView.swift */,
				0119B49A2B34B1C2004E5E2D /* Interactor.swift */,
			);
			path = InApp;
			sourceTree = "<group>";
		};
		0138128F2B32B48000EAD724 = {
			isa = PBXGroup;
			children = (
				0138129A2B32B48000EAD724 /* ToastPreview */,
				013812AC2B32B48200EAD724 /* ToastPreviewTests */,
				013812B62B32B48200EAD724 /* ToastPreviewUITests */,
				013812992B32B48000EAD724 /* Products */,
				013812C92B32B58300EAD724 /* Frameworks */,
			);
			sourceTree = "<group>";
		};
		013812992B32B48000EAD724 /* Products */ = {
			isa = PBXGroup;
			children = (
				013812982B32B48000EAD724 /* ToastPreview.app */,
				013812A92B32B48200EAD724 /* ToastPreviewTests.xctest */,
				013812B32B32B48200EAD724 /* ToastPreviewUITests.xctest */,
			);
			name = Products;
			sourceTree = "<group>";
		};
		0138129A2B32B48000EAD724 /* ToastPreview */ = {
			isa = PBXGroup;
			children = (
				0119B4922B34B029004E5E2D /* InApp */,
				0119B4912B34B00D004E5E2D /* Enums */,
				0119B4902B34B004004E5E2D /* Models */,
				0119B48D2B34AF7E004E5E2D /* Helper */,
				0119B48A2B34AF21004E5E2D /* Root */,
				0119B4872B32B6CA004E5E2D /* Constants */,
				013812C62B32B49400EAD724 /* Helpers */,
				0138129F2B32B48200EAD724 /* Assets.xcassets */,
				013812A12B32B48200EAD724 /* ToastPreview.entitlements */,
				013812A22B32B48200EAD724 /* Preview Content */,
			);
			path = ToastPreview;
			sourceTree = "<group>";
		};
		013812A22B32B48200EAD724 /* Preview Content */ = {
			isa = PBXGroup;
			children = (
				013812A32B32B48200EAD724 /* Preview Assets.xcassets */,
			);
			path = "Preview Content";
			sourceTree = "<group>";
		};
		013812AC2B32B48200EAD724 /* ToastPreviewTests */ = {
			isa = PBXGroup;
			children = (
				013812AD2B32B48200EAD724 /* ToastPreviewTests.swift */,
			);
			path = ToastPreviewTests;
			sourceTree = "<group>";
		};
		013812B62B32B48200EAD724 /* ToastPreviewUITests */ = {
			isa = PBXGroup;
			children = (
				013812B72B32B48200EAD724 /* ToastPreviewUITests.swift */,
				013812B92B32B48200EAD724 /* ToastPreviewUITestsLaunchTests.swift */,
			);
			path = ToastPreviewUITests;
			sourceTree = "<group>";
		};
		013812C62B32B49400EAD724 /* Helpers */ = {
			isa = PBXGroup;
			children = (
			);
			path = Helpers;
			sourceTree = "<group>";
		};
		013812C92B32B58300EAD724 /* Frameworks */ = {
			isa = PBXGroup;
			children = (
				013812CA2B32B58300EAD724 /* UIKit.framework */,
			);
			name = Frameworks;
			sourceTree = "<group>";
		};
/* End PBXGroup section */

/* Begin PBXNativeTarget section */
		013812972B32B48000EAD724 /* ToastPreview */ = {
			isa = PBXNativeTarget;
			buildConfigurationList = 013812BD2B32B48200EAD724 /* Build configuration list for PBXNativeTarget "ToastPreview" */;
			buildPhases = (
				013812942B32B48000EAD724 /* Sources */,
				013812952B32B48000EAD724 /* Frameworks */,
				013812962B32B48000EAD724 /* Resources */,
			);
			buildRules = (
			);
			dependencies = (
			);
			name = ToastPreview;
			productName = ToastPreview;
			productReference = 013812982B32B48000EAD724 /* ToastPreview.app */;
			productType = "com.apple.product-type.application";
		};
		013812A82B32B48200EAD724 /* ToastPreviewTests */ = {
			isa = PBXNativeTarget;
			buildConfigurationList = 013812C02B32B48200EAD724 /* Build configuration list for PBXNativeTarget "ToastPreviewTests" */;
			buildPhases = (
				013812A52B32B48200EAD724 /* Sources */,
				013812A62B32B48200EAD724 /* Frameworks */,
				013812A72B32B48200EAD724 /* Resources */,
			);
			buildRules = (
			);
			dependencies = (
				013812AB2B32B48200EAD724 /* PBXTargetDependency */,
			);
			name = ToastPreviewTests;
			productName = ToastPreviewTests;
			productReference = 013812A92B32B48200EAD724 /* ToastPreviewTests.xctest */;
			productType = "com.apple.product-type.bundle.unit-test";
		};
		013812B22B32B48200EAD724 /* ToastPreviewUITests */ = {
			isa = PBXNativeTarget;
			buildConfigurationList = 013812C32B32B48200EAD724 /* Build configuration list for PBXNativeTarget "ToastPreviewUITests" */;
			buildPhases = (
				013812AF2B32B48200EAD724 /* Sources */,
				013812B02B32B48200EAD724 /* Frameworks */,
				013812B12B32B48200EAD724 /* Resources */,
			);
			buildRules = (
			);
			dependencies = (
				013812B52B32B48200EAD724 /* PBXTargetDependency */,
			);
			name = ToastPreviewUITests;
			productName = ToastPreviewUITests;
			productReference = 013812B32B32B48200EAD724 /* ToastPreviewUITests.xctest */;
			productType = "com.apple.product-type.bundle.ui-testing";
		};
/* End PBXNativeTarget section */

/* Begin PBXProject section */
		013812902B32B48000EAD724 /* Project object */ = {
			isa = PBXProject;
			attributes = {
				BuildIndependentTargetsInParallel = 1;
				LastSwiftUpdateCheck = 1500;
				LastUpgradeCheck = 1500;
				TargetAttributes = {
					013812972B32B48000EAD724 = {
						CreatedOnToolsVersion = 15.0;
					};
					013812A82B32B48200EAD724 = {
						CreatedOnToolsVersion = 15.0;
						TestTargetID = 013812972B32B48000EAD724;
					};
					013812B22B32B48200EAD724 = {
						CreatedOnToolsVersion = 15.0;
						TestTargetID = 013812972B32B48000EAD724;
					};
				};
			};
			buildConfigurationList = 013812932B32B48000EAD724 /* Build configuration list for PBXProject "ToastPreview" */;
			compatibilityVersion = "Xcode 14.0";
			developmentRegion = en;
			hasScannedForEncodings = 0;
			knownRegions = (
				en,
				Base,
			);
			mainGroup = 0138128F2B32B48000EAD724;
			productRefGroup = 013812992B32B48000EAD724 /* Products */;
			projectDirPath = "";
			projectRoot = "";
			targets = (
				013812972B32B48000EAD724 /* ToastPreview */,
				013812A82B32B48200EAD724 /* ToastPreviewTests */,
				013812B22B32B48200EAD724 /* ToastPreviewUITests */,
			);
		};
/* End PBXProject section */

/* Begin PBXResourcesBuildPhase section */
		013812962B32B48000EAD724 /* Resources */ = {
			isa = PBXResourcesBuildPhase;
			buildActionMask = 2147483647;
			files = (
				013812A42B32B48200EAD724 /* Preview Assets.xcassets in Resources */,
				013812A02B32B48200EAD724 /* Assets.xcassets in Resources */,
			);
			runOnlyForDeploymentPostprocessing = 0;
		};
		013812A72B32B48200EAD724 /* Resources */ = {
			isa = PBXResourcesBuildPhase;
			buildActionMask = 2147483647;
			files = (
			);
			runOnlyForDeploymentPostprocessing = 0;
		};
		013812B12B32B48200EAD724 /* Resources */ = {
			isa = PBXResourcesBuildPhase;
			buildActionMask = 2147483647;
			files = (
			);
			runOnlyForDeploymentPostprocessing = 0;
		};
/* End PBXResourcesBuildPhase section */

/* Begin PBXSourcesBuildPhase section */
		013812942B32B48000EAD724 /* Sources */ = {
			isa = PBXSourcesBuildPhase;
			buildActionMask = 2147483647;
			files = (
				0138129E2B32B48000EAD724 /* ContentView.swift in Sources */,
				0119B48F2B34AFDC004E5E2D /* PassthrougWindow.swift in Sources */,
				0119B49B2B34B1C2004E5E2D /* Interactor.swift in Sources */,
				0119B4892B32B6E7004E5E2D /* StaticValues.swift in Sources */,
				0119B4952B34B0A9004E5E2D /* ToastsHolder.swift in Sources */,
				0119B4972B34B122004E5E2D /* ToastItem.swift in Sources */,
				0119B4992B34B153004E5E2D /* ToastTime.swift in Sources */,
				013812C82B32B4A600EAD724 /* Toast.swift in Sources */,
				0138129C2B32B48000EAD724 /* ToastPreviewApp.swift in Sources */,
				0119B48C2B34AF32004E5E2D /* RootView.swift in Sources */,
			);
			runOnlyForDeploymentPostprocessing = 0;
		};
		013812A52B32B48200EAD724 /* Sources */ = {
			isa = PBXSourcesBuildPhase;
			buildActionMask = 2147483647;
			files = (
				013812AE2B32B48200EAD724 /* ToastPreviewTests.swift in Sources */,
			);
			runOnlyForDeploymentPostprocessing = 0;
		};
		013812AF2B32B48200EAD724 /* Sources */ = {
			isa = PBXSourcesBuildPhase;
			buildActionMask = 2147483647;
			files = (
				013812B82B32B48200EAD724 /* ToastPreviewUITests.swift in Sources */,
				013812BA2B32B48200EAD724 /* ToastPreviewUITestsLaunchTests.swift in Sources */,
			);
			runOnlyForDeploymentPostprocessing = 0;
		};
/* End PBXSourcesBuildPhase section */

/* Begin PBXTargetDependency section */
		013812AB2B32B48200EAD724 /* PBXTargetDependency */ = {
			isa = PBXTargetDependency;
			target = 013812972B32B48000EAD724 /* ToastPreview */;
			targetProxy = 013812AA2B32B48200EAD724 /* PBXContainerItemProxy */;
		};
		013812B52B32B48200EAD724 /* PBXTargetDependency */ = {
			isa = PBXTargetDependency;
			target = 013812972B32B48000EAD724 /* ToastPreview */;
			targetProxy = 013812B42B32B48200EAD724 /* PBXContainerItemProxy */;
		};
/* End PBXTargetDependency section */

/* Begin XCBuildConfiguration section */
		013812BB2B32B48200EAD724 /* Debug */ = {
			isa = XCBuildConfiguration;
			buildSettings = {
				ALWAYS_SEARCH_USER_PATHS = NO;
				ASSETCATALOG_COMPILER_GENERATE_SWIFT_ASSET_SYMBOL_EXTENSIONS = YES;
				CLANG_ANALYZER_NONNULL = YES;
				CLANG_ANALYZER_NUMBER_OBJECT_CONVERSION = YES_AGGRESSIVE;
				CLANG_CXX_LANGUAGE_STANDARD = "gnu++20";
				CLANG_ENABLE_MODULES = YES;
				CLANG_ENABLE_OBJC_ARC = YES;
				CLANG_ENABLE_OBJC_WEAK = YES;
				CLANG_WARN_BLOCK_CAPTURE_AUTORELEASING = YES;
				CLANG_WARN_BOOL_CONVERSION = YES;
				CLANG_WARN_COMMA = YES;
				CLANG_WARN_CONSTANT_CONVERSION = YES;
				CLANG_WARN_DEPRECATED_OBJC_IMPLEMENTATIONS = YES;
				CLANG_WARN_DIRECT_OBJC_ISA_USAGE = YES_ERROR;
				CLANG_WARN_DOCUMENTATION_COMMENTS = YES;
				CLANG_WARN_EMPTY_BODY = YES;
				CLANG_WARN_ENUM_CONVERSION = YES;
				CLANG_WARN_INFINITE_RECURSION = YES;
				CLANG_WARN_INT_CONVERSION = YES;
				CLANG_WARN_NON_LITERAL_NULL_CONVERSION = YES;
				CLANG_WARN_OBJC_IMPLICIT_RETAIN_SELF = YES;
				CLANG_WARN_OBJC_LITERAL_CONVERSION = YES;
				CLANG_WARN_OBJC_ROOT_CLASS = YES_ERROR;
				CLANG_WARN_QUOTED_INCLUDE_IN_FRAMEWORK_HEADER = YES;
				CLANG_WARN_RANGE_LOOP_ANALYSIS = YES;
				CLANG_WARN_STRICT_PROTOTYPES = YES;
				CLANG_WARN_SUSPICIOUS_MOVE = YES;
				CLANG_WARN_UNGUARDED_AVAILABILITY = YES_AGGRESSIVE;
				CLANG_WARN_UNREACHABLE_CODE = YES;
				CLANG_WARN__DUPLICATE_METHOD_MATCH = YES;
				COPY_PHASE_STRIP = NO;
				DEBUG_INFORMATION_FORMAT = dwarf;
				ENABLE_STRICT_OBJC_MSGSEND = YES;
				ENABLE_TESTABILITY = YES;
				ENABLE_USER_SCRIPT_SANDBOXING = YES;
				GCC_C_LANGUAGE_STANDARD = gnu17;
				GCC_DYNAMIC_NO_PIC = NO;
				GCC_NO_COMMON_BLOCKS = YES;
				GCC_OPTIMIZATION_LEVEL = 0;
				GCC_PREPROCESSOR_DEFINITIONS = (
					"DEBUG=1",
					"$(inherited)",
				);
				GCC_WARN_64_TO_32_BIT_CONVERSION = YES;
				GCC_WARN_ABOUT_RETURN_TYPE = YES_ERROR;
				GCC_WARN_UNDECLARED_SELECTOR = YES;
				GCC_WARN_UNINITIALIZED_AUTOS = YES_AGGRESSIVE;
				GCC_WARN_UNUSED_FUNCTION = YES;
				GCC_WARN_UNUSED_VARIABLE = YES;
				LOCALIZATION_PREFERS_STRING_CATALOGS = YES;
				MTL_ENABLE_DEBUG_INFO = INCLUDE_SOURCE;
				MTL_FAST_MATH = YES;
				ONLY_ACTIVE_ARCH = YES;
				SWIFT_ACTIVE_COMPILATION_CONDITIONS = "DEBUG $(inherited)";
				SWIFT_OPTIMIZATION_LEVEL = "-Onone";
			};
			name = Debug;
		};
		013812BC2B32B48200EAD724 /* Release */ = {
			isa = XCBuildConfiguration;
			buildSettings = {
				ALWAYS_SEARCH_USER_PATHS = NO;
				ASSETCATALOG_COMPILER_GENERATE_SWIFT_ASSET_SYMBOL_EXTENSIONS = YES;
				CLANG_ANALYZER_NONNULL = YES;
				CLANG_ANALYZER_NUMBER_OBJECT_CONVERSION = YES_AGGRESSIVE;
				CLANG_CXX_LANGUAGE_STANDARD = "gnu++20";
				CLANG_ENABLE_MODULES = YES;
				CLANG_ENABLE_OBJC_ARC = YES;
				CLANG_ENABLE_OBJC_WEAK = YES;
				CLANG_WARN_BLOCK_CAPTURE_AUTORELEASING = YES;
				CLANG_WARN_BOOL_CONVERSION = YES;
				CLANG_WARN_COMMA = YES;
				CLANG_WARN_CONSTANT_CONVERSION = YES;
				CLANG_WARN_DEPRECATED_OBJC_IMPLEMENTATIONS = YES;
				CLANG_WARN_DIRECT_OBJC_ISA_USAGE = YES_ERROR;
				CLANG_WARN_DOCUMENTATION_COMMENTS = YES;
				CLANG_WARN_EMPTY_BODY = YES;
				CLANG_WARN_ENUM_CONVERSION = YES;
				CLANG_WARN_INFINITE_RECURSION = YES;
				CLANG_WARN_INT_CONVERSION = YES;
				CLANG_WARN_NON_LITERAL_NULL_CONVERSION = YES;
				CLANG_WARN_OBJC_IMPLICIT_RETAIN_SELF = YES;
				CLANG_WARN_OBJC_LITERAL_CONVERSION = YES;
				CLANG_WARN_OBJC_ROOT_CLASS = YES_ERROR;
				CLANG_WARN_QUOTED_INCLUDE_IN_FRAMEWORK_HEADER = YES;
				CLANG_WARN_RANGE_LOOP_ANALYSIS = YES;
				CLANG_WARN_STRICT_PROTOTYPES = YES;
				CLANG_WARN_SUSPICIOUS_MOVE = YES;
				CLANG_WARN_UNGUARDED_AVAILABILITY = YES_AGGRESSIVE;
				CLANG_WARN_UNREACHABLE_CODE = YES;
				CLANG_WARN__DUPLICATE_METHOD_MATCH = YES;
				COPY_PHASE_STRIP = NO;
				DEBUG_INFORMATION_FORMAT = "dwarf-with-dsym";
				ENABLE_NS_ASSERTIONS = NO;
				ENABLE_STRICT_OBJC_MSGSEND = YES;
				ENABLE_USER_SCRIPT_SANDBOXING = YES;
				GCC_C_LANGUAGE_STANDARD = gnu17;
				GCC_NO_COMMON_BLOCKS = YES;
				GCC_WARN_64_TO_32_BIT_CONVERSION = YES;
				GCC_WARN_ABOUT_RETURN_TYPE = YES_ERROR;
				GCC_WARN_UNDECLARED_SELECTOR = YES;
				GCC_WARN_UNINITIALIZED_AUTOS = YES_AGGRESSIVE;
				GCC_WARN_UNUSED_FUNCTION = YES;
				GCC_WARN_UNUSED_VARIABLE = YES;
				LOCALIZATION_PREFERS_STRING_CATALOGS = YES;
				MTL_ENABLE_DEBUG_INFO = NO;
				MTL_FAST_MATH = YES;
				SWIFT_COMPILATION_MODE = wholemodule;
			};
			name = Release;
		};
		013812BE2B32B48200EAD724 /* Debug */ = {
			isa = XCBuildConfiguration;
			buildSettings = {
				ASSETCATALOG_COMPILER_APPICON_NAME = AppIcon;
				ASSETCATALOG_COMPILER_GLOBAL_ACCENT_COLOR_NAME = AccentColor;
				CODE_SIGN_ENTITLEMENTS = ToastPreview/ToastPreview.entitlements;
				CODE_SIGN_STYLE = Automatic;
				CURRENT_PROJECT_VERSION = 1;
				DEVELOPMENT_ASSET_PATHS = "\"ToastPreview/Preview Content\"";
				DEVELOPMENT_TEAM = 6HLHYZ382H;
				ENABLE_HARDENED_RUNTIME = YES;
				ENABLE_PREVIEWS = YES;
				GENERATE_INFOPLIST_FILE = YES;
				"INFOPLIST_KEY_UIApplicationSceneManifest_Generation[sdk=iphoneos*]" = YES;
				"INFOPLIST_KEY_UIApplicationSceneManifest_Generation[sdk=iphonesimulator*]" = YES;
				"INFOPLIST_KEY_UIApplicationSupportsIndirectInputEvents[sdk=iphoneos*]" = YES;
				"INFOPLIST_KEY_UIApplicationSupportsIndirectInputEvents[sdk=iphonesimulator*]" = YES;
				"INFOPLIST_KEY_UILaunchScreen_Generation[sdk=iphoneos*]" = YES;
				"INFOPLIST_KEY_UILaunchScreen_Generation[sdk=iphonesimulator*]" = YES;
				"INFOPLIST_KEY_UIStatusBarStyle[sdk=iphoneos*]" = UIStatusBarStyleDefault;
				"INFOPLIST_KEY_UIStatusBarStyle[sdk=iphonesimulator*]" = UIStatusBarStyleDefault;
				INFOPLIST_KEY_UISupportedInterfaceOrientations_iPad = "UIInterfaceOrientationPortrait UIInterfaceOrientationPortraitUpsideDown UIInterfaceOrientationLandscapeLeft UIInterfaceOrientationLandscapeRight";
				INFOPLIST_KEY_UISupportedInterfaceOrientations_iPhone = "UIInterfaceOrientationPortrait UIInterfaceOrientationLandscapeLeft UIInterfaceOrientationLandscapeRight";
				IPHONEOS_DEPLOYMENT_TARGET = 17.0;
				LD_RUNPATH_SEARCH_PATHS = "@executable_path/Frameworks";
				"LD_RUNPATH_SEARCH_PATHS[sdk=macosx*]" = "@executable_path/../Frameworks";
				MACOSX_DEPLOYMENT_TARGET = 14.0;
				MARKETING_VERSION = 1.0;
				PRODUCT_BUNDLE_IDENTIFIER = com.codevelop.ToastPreview;
				"PRODUCT_BUNDLE_IDENTIFIER[sdk=iphoneos*]" = com.codevelop.;
				PRODUCT_NAME = "$(TARGET_NAME)";
				SDKROOT = auto;
				SUPPORTED_PLATFORMS = "iphoneos iphonesimulator macosx";
				SWIFT_EMIT_LOC_STRINGS = YES;
				SWIFT_VERSION = 5.0;
				TARGETED_DEVICE_FAMILY = "1,2";
			};
			name = Debug;
		};
		013812BF2B32B48200EAD724 /* Release */ = {
			isa = XCBuildConfiguration;
			buildSettings = {
				ASSETCATALOG_COMPILER_APPICON_NAME = AppIcon;
				ASSETCATALOG_COMPILER_GLOBAL_ACCENT_COLOR_NAME = AccentColor;
				CODE_SIGN_ENTITLEMENTS = ToastPreview/ToastPreview.entitlements;
				CODE_SIGN_STYLE = Automatic;
				CURRENT_PROJECT_VERSION = 1;
				DEVELOPMENT_ASSET_PATHS = "\"ToastPreview/Preview Content\"";
				DEVELOPMENT_TEAM = 6HLHYZ382H;
				ENABLE_HARDENED_RUNTIME = YES;
				ENABLE_PREVIEWS = YES;
				GENERATE_INFOPLIST_FILE = YES;
				"INFOPLIST_KEY_UIApplicationSceneManifest_Generation[sdk=iphoneos*]" = YES;
				"INFOPLIST_KEY_UIApplicationSceneManifest_Generation[sdk=iphonesimulator*]" = YES;
				"INFOPLIST_KEY_UIApplicationSupportsIndirectInputEvents[sdk=iphoneos*]" = YES;
				"INFOPLIST_KEY_UIApplicationSupportsIndirectInputEvents[sdk=iphonesimulator*]" = YES;
				"INFOPLIST_KEY_UILaunchScreen_Generation[sdk=iphoneos*]" = YES;
				"INFOPLIST_KEY_UILaunchScreen_Generation[sdk=iphonesimulator*]" = YES;
				"INFOPLIST_KEY_UIStatusBarStyle[sdk=iphoneos*]" = UIStatusBarStyleDefault;
				"INFOPLIST_KEY_UIStatusBarStyle[sdk=iphonesimulator*]" = UIStatusBarStyleDefault;
				INFOPLIST_KEY_UISupportedInterfaceOrientations_iPad = "UIInterfaceOrientationPortrait UIInterfaceOrientationPortraitUpsideDown UIInterfaceOrientationLandscapeLeft UIInterfaceOrientationLandscapeRight";
				INFOPLIST_KEY_UISupportedInterfaceOrientations_iPhone = "UIInterfaceOrientationPortrait UIInterfaceOrientationLandscapeLeft UIInterfaceOrientationLandscapeRight";
				IPHONEOS_DEPLOYMENT_TARGET = 17.0;
				LD_RUNPATH_SEARCH_PATHS = "@executable_path/Frameworks";
				"LD_RUNPATH_SEARCH_PATHS[sdk=macosx*]" = "@executable_path/../Frameworks";
				MACOSX_DEPLOYMENT_TARGET = 14.0;
				MARKETING_VERSION = 1.0;
				PRODUCT_BUNDLE_IDENTIFIER = com.codevelop.ToastPreview;
				"PRODUCT_BUNDLE_IDENTIFIER[sdk=iphoneos*]" = com.codevelop.;
				PRODUCT_NAME = "$(TARGET_NAME)";
				SDKROOT = auto;
				SUPPORTED_PLATFORMS = "iphoneos iphonesimulator macosx";
				SWIFT_EMIT_LOC_STRINGS = YES;
				SWIFT_VERSION = 5.0;
				TARGETED_DEVICE_FAMILY = "1,2";
			};
			name = Release;
		};
		013812C12B32B48200EAD724 /* Debug */ = {
			isa = XCBuildConfiguration;
			buildSettings = {
				ALWAYS_EMBED_SWIFT_STANDARD_LIBRARIES = YES;
				BUNDLE_LOADER = "$(TEST_HOST)";
				CODE_SIGN_STYLE = Automatic;
				CURRENT_PROJECT_VERSION = 1;
				DEVELOPMENT_TEAM = 6HLHYZ382H;
				GENERATE_INFOPLIST_FILE = YES;
				IPHONEOS_DEPLOYMENT_TARGET = 17.0;
				MACOSX_DEPLOYMENT_TARGET = 14.0;
				MARKETING_VERSION = 1.0;
				PRODUCT_BUNDLE_IDENTIFIER = com.codevelop.ToastPreviewTests;
				PRODUCT_NAME = "$(TARGET_NAME)";
				SDKROOT = auto;
				SUPPORTED_PLATFORMS = "iphoneos iphonesimulator macosx";
				SWIFT_EMIT_LOC_STRINGS = NO;
				SWIFT_VERSION = 5.0;
				TARGETED_DEVICE_FAMILY = "1,2";
				TEST_HOST = "$(BUILT_PRODUCTS_DIR)/ToastPreview.app/$(BUNDLE_EXECUTABLE_FOLDER_PATH)/ToastPreview";
			};
			name = Debug;
		};
		013812C22B32B48200EAD724 /* Release */ = {
			isa = XCBuildConfiguration;
			buildSettings = {
				ALWAYS_EMBED_SWIFT_STANDARD_LIBRARIES = YES;
				BUNDLE_LOADER = "$(TEST_HOST)";
				CODE_SIGN_STYLE = Automatic;
				CURRENT_PROJECT_VERSION = 1;
				DEVELOPMENT_TEAM = 6HLHYZ382H;
				GENERATE_INFOPLIST_FILE = YES;
				IPHONEOS_DEPLOYMENT_TARGET = 17.0;
				MACOSX_DEPLOYMENT_TARGET = 14.0;
				MARKETING_VERSION = 1.0;
				PRODUCT_BUNDLE_IDENTIFIER = com.codevelop.ToastPreviewTests;
				PRODUCT_NAME = "$(TARGET_NAME)";
				SDKROOT = auto;
				SUPPORTED_PLATFORMS = "iphoneos iphonesimulator macosx";
				SWIFT_EMIT_LOC_STRINGS = NO;
				SWIFT_VERSION = 5.0;
				TARGETED_DEVICE_FAMILY = "1,2";
				TEST_HOST = "$(BUILT_PRODUCTS_DIR)/ToastPreview.app/$(BUNDLE_EXECUTABLE_FOLDER_PATH)/ToastPreview";
			};
			name = Release;
		};
		013812C42B32B48200EAD724 /* Debug */ = {
			isa = XCBuildConfiguration;
			buildSettings = {
				ALWAYS_EMBED_SWIFT_STANDARD_LIBRARIES = YES;
				CODE_SIGN_STYLE = Automatic;
				CURRENT_PROJECT_VERSION = 1;
				DEVELOPMENT_TEAM = 6HLHYZ382H;
				GENERATE_INFOPLIST_FILE = YES;
				IPHONEOS_DEPLOYMENT_TARGET = 17.0;
				MACOSX_DEPLOYMENT_TARGET = 14.0;
				MARKETING_VERSION = 1.0;
				PRODUCT_BUNDLE_IDENTIFIER = com.codevelop.ToastPreviewUITests;
				PRODUCT_NAME = "$(TARGET_NAME)";
				SDKROOT = auto;
				SUPPORTED_PLATFORMS = "iphoneos iphonesimulator macosx";
				SWIFT_EMIT_LOC_STRINGS = NO;
				SWIFT_VERSION = 5.0;
				TARGETED_DEVICE_FAMILY = "1,2";
				TEST_TARGET_NAME = ToastPreview;
			};
			name = Debug;
		};
		013812C52B32B48200EAD724 /* Release */ = {
			isa = XCBuildConfiguration;
			buildSettings = {
				ALWAYS_EMBED_SWIFT_STANDARD_LIBRARIES = YES;
				CODE_SIGN_STYLE = Automatic;
				CURRENT_PROJECT_VERSION = 1;
				DEVELOPMENT_TEAM = 6HLHYZ382H;
				GENERATE_INFOPLIST_FILE = YES;
				IPHONEOS_DEPLOYMENT_TARGET = 17.0;
				MACOSX_DEPLOYMENT_TARGET = 14.0;
				MARKETING_VERSION = 1.0;
				PRODUCT_BUNDLE_IDENTIFIER = com.codevelop.ToastPreviewUITests;
				PRODUCT_NAME = "$(TARGET_NAME)";
				SDKROOT = auto;
				SUPPORTED_PLATFORMS = "iphoneos iphonesimulator macosx";
				SWIFT_EMIT_LOC_STRINGS = NO;
				SWIFT_VERSION = 5.0;
				TARGETED_DEVICE_FAMILY = "1,2";
				TEST_TARGET_NAME = ToastPreview;
			};
			name = Release;
		};
/* End XCBuildConfiguration section */

/* Begin XCConfigurationList section */
		013812932B32B48000EAD724 /* Build configuration list for PBXProject "ToastPreview" */ = {
			isa = XCConfigurationList;
			buildConfigurations = (
				013812BB2B32B48200EAD724 /* Debug */,
				013812BC2B32B48200EAD724 /* Release */,
			);
			defaultConfigurationIsVisible = 0;
			defaultConfigurationName = Release;
		};
		013812BD2B32B48200EAD724 /* Build configuration list for PBXNativeTarget "ToastPreview" */ = {
			isa = XCConfigurationList;
			buildConfigurations = (
				013812BE2B32B48200EAD724 /* Debug */,
				013812BF2B32B48200EAD724 /* Release */,
			);
			defaultConfigurationIsVisible = 0;
			defaultConfigurationName = Release;
		};
		013812C02B32B48200EAD724 /* Build configuration list for PBXNativeTarget "ToastPreviewTests" */ = {
			isa = XCConfigurationList;
			buildConfigurations = (
				013812C12B32B48200EAD724 /* Debug */,
				013812C22B32B48200EAD724 /* Release */,
			);
			defaultConfigurationIsVisible = 0;
			defaultConfigurationName = Release;
		};
		013812C32B32B48200EAD724 /* Build configuration list for PBXNativeTarget "ToastPreviewUITests" */ = {
			isa = XCConfigurationList;
			buildConfigurations = (
				013812C42B32B48200EAD724 /* Debug */,
				013812C52B32B48200EAD724 /* Release */,
			);
			defaultConfigurationIsVisible = 0;
			defaultConfigurationName = Release;
		};
/* End XCConfigurationList section */
	};
	rootObject = 013812902B32B48000EAD724 /* Project object */;
}
